{
  "version": 4,
  "terraform_version": "0.12.13",
  "serial": 20,
  "lineage": "71d1e3c0-faf0-015c-2c1b-39f755559544",
  "outputs": {},
  "resources": [
    {
      "mode": "managed",
      "type": "openstack_compute_keypair_v2",
      "name": "wizaops",
      "provider": "provider.openstack.gra7",
      "instances": [
        {
          "schema_version": 0,
          "attributes": {
            "fingerprint": "06:1c:21:8f:a7:c8:69:32:52:c7:fc:f9:a2:7d:c3:08",
            "id": "Wizaops",
            "name": "Wizaops",
            "private_key": "",
            "public_key": "ssh-rsa AAAAB3NzaC1yc2EAAAADAQABAAACAQC8e+/as3cieqoUEnynLwFfdCxjbeOI1Rb+9VLLNYL04cd7IMGp1yrzj1qE1VmRIPdePY7MTtjBKlx52cb7f3iXIMV8EF/4KnkP8fgplh6Dmzq/iKPzjWCs+CmngLu2oU2rvluPk9hnKk3UOrHfqkPZ3SPdAgkM+arSeXB1mBxrnO+nDJCTZn1fq+TdCi6y9lys3qcRg7ukAweEBZ0BbJrPS6uRvMH/bKAXoTKbovkZr+199Zxo+LWGvCUqpo9CybrY0hWgyQ5Oe+lC028m/W9UHGkCoLtSgGKBtO4c0/eXNNWNYUwzUGDTDbEHvjph40fiSK8wrk3Qanld0if3dydcr4vFFfT8Csm9CDZybNgz2jh3srwYpe1VuaKE3G0HAxTagsXAQzwWKMhUdB3v171T9kaNEEh7BC8XQu6vCLUT2OA4m4rKzgIr773wbr07Yr3ZcPA5hcBuONBN+egN0OV5WQcYQobrwwmgB+PRakoMIqz8qf2Qs+FjII3MoQlROSMEV3HyOcrg2jjrQd/LK3VZoU79SUz7q9M84TOHG2j+1gtbhLRKagHL32vpQPl8DaZlBuVLp/d+WhYKa/XJrcKRDJy29rn47022/q7nFcOEvBHYSZumhz7LSjGZqSHolPA109ejb8EzN4vqV5803yu0PjzFmRs/4uz70xStNk1HJQ== wizaops@wizacha.com\n",
            "region": "GRA7",
            "value_specs": null
          },
          "private": "bnVsbA=="
        }
      ]
    },
    {
      "mode": "managed",
      "type": "openstack_compute_secgroup_v2",
      "name": "egress",
      "provider": "provider.openstack",
      "instances": [
        {
          "schema_version": 0,
          "attributes": {
            "description": "",
            "id": "d821c1da-ce4c-4002-8e00-e9ce87fad016",
            "name": "egress",
            "region": "GRA7",
            "rule": [],
            "timeouts": {
              "delete": null
            }
          },
          "private": "eyJlMmJmYjczMC1lY2FhLTExZTYtOGY4OC0zNDM2M2JjN2M0YzAiOnsiZGVsZXRlIjo2MDAwMDAwMDAwMDB9LCJzY2hlbWFfdmVyc2lvbiI6IjAifQ=="
        }
      ]
    },
    {
      "mode": "managed",
      "type": "openstack_compute_secgroup_v2",
      "name": "httpprivate",
      "provider": "provider.openstack",
      "instances": [
        {
          "schema_version": 0,
          "attributes": {
            "description": "",
            "id": "827a4899-4bc9-4d78-b591-6fc90fbfd694",
            "name": "http-private",
            "region": "GRA7",
            "rule": [
              {
                "cidr": "10.0.0.0/8",
                "from_group_id": "",
                "from_port": 443,
                "id": "670ab5e2-b95e-4154-bb5e-33ebefb08cce",
                "ip_protocol": "tcp",
                "self": false,
                "to_port": 443
              },
              {
                "cidr": "10.0.0.0/8",
                "from_group_id": "",
                "from_port": 80,
                "id": "88afdd45-87de-4130-88bd-4c3d1779c05a",
                "ip_protocol": "tcp",
                "self": false,
                "to_port": 80
              },
              {
                "cidr": "82.127.221.196/32",
                "from_group_id": "",
                "from_port": 443,
                "id": "f394b8bb-78c5-4c35-8bab-705b3425b332",
                "ip_protocol": "tcp",
                "self": false,
                "to_port": 443
              },
              {
                "cidr": "82.127.221.196/32",
                "from_group_id": "",
                "from_port": 80,
                "id": "7c86e33d-95f0-4983-9d6c-8ec2af9c7470",
                "ip_protocol": "tcp",
                "self": false,
                "to_port": 80
              },
              {
                "cidr": "92.154.82.114/32",
                "from_group_id": "",
                "from_port": 443,
                "id": "6292f870-9e11-45ed-8a83-a0af003b055f",
                "ip_protocol": "tcp",
                "self": false,
                "to_port": 443
              },
              {
                "cidr": "92.154.82.114/32",
                "from_group_id": "",
                "from_port": 80,
                "id": "f05d4c40-4433-4cf7-a58f-7eba84d6f551",
                "ip_protocol": "tcp",
                "self": false,
                "to_port": 80
              }
            ],
            "timeouts": {
              "delete": null
            }
          },
          "private": "eyJlMmJmYjczMC1lY2FhLTExZTYtOGY4OC0zNDM2M2JjN2M0YzAiOnsiZGVsZXRlIjo2MDAwMDAwMDAwMDB9LCJzY2hlbWFfdmVyc2lvbiI6IjAifQ=="
        }
      ]
    },
    {
      "mode": "managed",
      "type": "openstack_compute_secgroup_v2",
      "name": "httppublic",
      "provider": "provider.openstack",
      "instances": [
        {
          "schema_version": 0,
          "attributes": {
            "description": "",
            "id": "a3a174de-223f-44d6-8f81-c39c5e5c6403",
            "name": "http-public",
            "region": "GRA7",
            "rule": [
              {
                "cidr": "0.0.0.0/0",
                "from_group_id": "",
                "from_port": 443,
                "id": "8447c131-6a10-470a-9176-4600587de2df",
                "ip_protocol": "tcp",
                "self": false,
                "to_port": 443
              },
              {
                "cidr": "0.0.0.0/0",
                "from_group_id": "",
                "from_port": 80,
                "id": "502cbc28-0676-424c-976a-eae0f143d827",
                "ip_protocol": "tcp",
                "self": false,
                "to_port": 80
              }
            ],
            "timeouts": {
              "delete": null
            }
          },
          "private": "eyJlMmJmYjczMC1lY2FhLTExZTYtOGY4OC0zNDM2M2JjN2M0YzAiOnsiZGVsZXRlIjo2MDAwMDAwMDAwMDB9LCJzY2hlbWFfdmVyc2lvbiI6IjAifQ=="
        }
      ]
    },
    {
      "mode": "managed",
      "type": "openstack_compute_secgroup_v2",
      "name": "rabbitmqprivate",
      "provider": "provider.openstack.gra7",
      "instances": [
        {
          "schema_version": 0,
          "attributes": {
            "description": "",
            "id": "fe16d369-6671-4f3c-876b-34965d82111d",
            "name": "rabbitmq-private",
            "region": "GRA7",
            "rule": [
              {
                "cidr": "10.0.0.0/8",
                "from_group_id": "",
                "from_port": 5672,
                "id": "4ce9137e-8a8f-4a31-9332-cff01a67ef66",
                "ip_protocol": "tcp",
                "self": false,
                "to_port": 5672
              }
            ],
            "timeouts": {
              "delete": null
            }
          },
          "private": "eyJlMmJmYjczMC1lY2FhLTExZTYtOGY4OC0zNDM2M2JjN2M0YzAiOnsiZGVsZXRlIjo2MDAwMDAwMDAwMDB9LCJzY2hlbWFfdmVyc2lvbiI6IjAifQ=="
        }
      ]
    },
    {
      "mode": "managed",
      "type": "openstack_compute_secgroup_v2",
      "name": "rabbitmqpublic",
      "provider": "provider.openstack.gra7",
      "instances": [
        {
          "schema_version": 0,
          "attributes": {
            "description": "",
            "id": "b22512af-aece-4dff-ae7e-5e7c86f8cac0",
            "name": "rabbitmq-public",
            "region": "GRA7",
            "rule": [
              {
                "cidr": "82.127.221.196/32",
                "from_group_id": "",
                "from_port": 15672,
                "id": "ed2aae86-f11d-4f98-ac7e-73828752c8e6",
                "ip_protocol": "tcp",
                "self": false,
                "to_port": 15672
              },
              {
                "cidr": "92.154.82.114/32",
                "from_group_id": "",
                "from_port": 15672,
                "id": "479a491b-fc49-400f-bf8e-34202f6f2c21",
                "ip_protocol": "tcp",
                "self": false,
                "to_port": 15672
              }
            ],
            "timeouts": {
              "delete": null
            }
          },
          "private": "eyJlMmJmYjczMC1lY2FhLTExZTYtOGY4OC0zNDM2M2JjN2M0YzAiOnsiZGVsZXRlIjo2MDAwMDAwMDAwMDB9LCJzY2hlbWFfdmVyc2lvbiI6IjAifQ=="
        }
      ]
    },
    {
      "mode": "managed",
      "type": "openstack_compute_secgroup_v2",
      "name": "sshpublic",
      "provider": "provider.openstack.gra7",
      "instances": [
        {
          "schema_version": 0,
          "attributes": {
            "description": "",
            "id": "68265719-82c0-4f0e-bad2-ddae398164d6",
            "name": "ssh-public",
            "region": "GRA7",
            "rule": [
              {
                "cidr": "82.127.221.196/32",
                "from_group_id": "",
                "from_port": 22,
                "id": "09dd385e-6780-4add-9fef-0a6e412e4085",
                "ip_protocol": "tcp",
                "self": false,
                "to_port": 22
              },
              {
                "cidr": "92.154.82.114/32",
                "from_group_id": "",
                "from_port": 22,
                "id": "37e81edf-1896-4872-a7b0-6e506aa4cf2a",
                "ip_protocol": "tcp",
                "self": false,
                "to_port": 22
              }
            ],
            "timeouts": {
              "delete": null
            }
          },
          "private": "eyJlMmJmYjczMC1lY2FhLTExZTYtOGY4OC0zNDM2M2JjN2M0YzAiOnsiZGVsZXRlIjo2MDAwMDAwMDAwMDB9LCJzY2hlbWFfdmVyc2lvbiI6IjAifQ=="
        }
      ]
    },
    {
      "mode": "managed",
      "type": "ovh_cloud_network_private",
      "name": "back",
      "provider": "provider.ovh.ovh",
      "instances": [
        {
          "schema_version": 0,
          "attributes": {
            "id": "pn-1068559_2001",
            "name": "back",
            "project_id": "9e1013faed644b4a9452f7edcc391dc9",
            "regions": [
              "GRA7"
            ],
            "regions_status": [
              {
                "region": "GRA7",
                "status": "ACTIVE"
              }
            ],
            "status": "ACTIVE",
            "type": "private",
            "vlan_id": 2001
          }
        }
      ]
    },
    {
      "mode": "managed",
      "type": "ovh_cloud_network_private",
      "name": "front",
      "provider": "provider.ovh.ovh",
      "instances": [
        {
          "schema_version": 0,
          "attributes": {
            "id": "pn-1068559_2000",
            "name": "front",
            "project_id": "9e1013faed644b4a9452f7edcc391dc9",
            "regions": [
              "GRA7"
            ],
            "regions_status": [
              {
                "region": "GRA7",
                "status": "ACTIVE"
              }
            ],
            "status": "ACTIVE",
            "type": "private",
            "vlan_id": 2000
          }
        }
      ]
    },
    {
      "mode": "managed",
      "type": "ovh_cloud_network_private_subnet",
      "name": "subnet_back",
      "provider": "provider.ovh.ovh",
      "instances": [
        {
          "schema_version": 0,
          "attributes": {
            "cidr": null,
            "dhcp": true,
            "end": "10.0.50.250",
            "gateway_ip": null,
            "id": "2118332c-0435-444e-b059-ccebf5edf597",
            "ip_pools": [],
            "network": "10.0.50.0/24",
            "network_id": "pn-1068559_2001",
            "no_gateway": false,
            "project_id": "9e1013faed644b4a9452f7edcc391dc9",
            "region": "GRA7",
            "start": "10.0.50.2"
          },
          "private": "bnVsbA==",
          "depends_on": [
            "ovh_cloud_network_private.back"
          ]
        }
      ]
    },
    {
      "mode": "managed",
      "type": "ovh_cloud_network_private_subnet",
      "name": "subnet_front",
      "provider": "provider.ovh.ovh",
      "instances": [
        {
          "schema_version": 0,
          "attributes": {
            "cidr": null,
            "dhcp": true,
            "end": "10.0.51.250",
            "gateway_ip": null,
            "id": "3668e32c-95cc-4ca9-aa14-4a7b180a6d71",
            "ip_pools": [],
            "network": "10.0.51.0/24",
            "network_id": "pn-1068559_2000",
            "no_gateway": false,
            "project_id": "9e1013faed644b4a9452f7edcc391dc9",
            "region": "GRA7",
            "start": "10.0.51.2"
          },
          "private": "bnVsbA==",
          "depends_on": [
            "ovh_cloud_network_private.front"
          ]
        }
      ]
    }
  ]
}
